
Microsoft Visual Studio Solution File, Format Version 12.00
# Visual Studio Version 17
VisualStudioVersion = 17.1.32127.271
MinimumVisualStudioVersion = 10.0.40219.1
Project("{FAE04EC0-301F-11D3-BF4B-00C04F79EFBC}") = "Test.API", "TestAPI\Test.API.csproj", "{B1CA4CB2-A684-4D69-8756-A3D1B1088213}"
EndProject
Project("{FAE04EC0-301F-11D3-BF4B-00C04F79EFBC}") = "Test.DataAccess", "Test.Data\Test.DataAccess.csproj", "{A38E72C6-0D00-416C-8E09-42F3E2C5F13A}"
EndProject
Project("{FAE04EC0-301F-11D3-BF4B-00C04F79EFBC}") = "Test.BusinessLogic", "Test.Business\Test.BusinessLogic.csproj", "{26BE07BF-33DB-4225-8939-E7490B57BCC2}"
EndProject
Project("{FAE04EC0-301F-11D3-BF4B-00C04F79EFBC}") = "Test.Entities", "Test.Entities\Test.Entities.csproj", "{EDCD7878-52A8-44EA-B04E-E77C7CD99D0A}"
EndProject
Project("{FAE04EC0-301F-11D3-BF4B-00C04F79EFBC}") = "Test.Interfaces", "Test.Interfaces\Test.Interfaces.csproj", "{4FC6AB68-7FF3-409C-A571-AEB1BF15779C}"
EndProject
Global
	GlobalSection(SolutionConfigurationPlatforms) = preSolution
		Debug|Any CPU = Debug|Any CPU
		Release|Any CPU = Release|Any CPU
	EndGlobalSection
	GlobalSection(ProjectConfigurationPlatforms) = postSolution
		{B1CA4CB2-A684-4D69-8756-A3D1B1088213}.Debug|Any CPU.ActiveCfg = Debug|Any CPU
		{B1CA4CB2-A684-4D69-8756-A3D1B1088213}.Debug|Any CPU.Build.0 = Debug|Any CPU
		{B1CA4CB2-A684-4D69-8756-A3D1B1088213}.Release|Any CPU.ActiveCfg = Release|Any CPU
		{B1CA4CB2-A684-4D69-8756-A3D1B1088213}.Release|Any CPU.Build.0 = Release|Any CPU
		{A38E72C6-0D00-416C-8E09-42F3E2C5F13A}.Debug|Any CPU.ActiveCfg = Debug|Any CPU
		{A38E72C6-0D00-416C-8E09-42F3E2C5F13A}.Debug|Any CPU.Build.0 = Debug|Any CPU
		{A38E72C6-0D00-416C-8E09-42F3E2C5F13A}.Release|Any CPU.ActiveCfg = Release|Any CPU
		{A38E72C6-0D00-416C-8E09-42F3E2C5F13A}.Release|Any CPU.Build.0 = Release|Any CPU
		{26BE07BF-33DB-4225-8939-E7490B57BCC2}.Debug|Any CPU.ActiveCfg = Debug|Any CPU
		{26BE07BF-33DB-4225-8939-E7490B57BCC2}.Debug|Any CPU.Build.0 = Debug|Any CPU
		{26BE07BF-33DB-4225-8939-E7490B57BCC2}.Release|Any CPU.ActiveCfg = Release|Any CPU
		{26BE07BF-33DB-4225-8939-E7490B57BCC2}.Release|Any CPU.Build.0 = Release|Any CPU
		{EDCD7878-52A8-44EA-B04E-E77C7CD99D0A}.Debug|Any CPU.ActiveCfg = Debug|Any CPU
		{EDCD7878-52A8-44EA-B04E-E77C7CD99D0A}.Debug|Any CPU.Build.0 = Debug|Any CPU
		{EDCD7878-52A8-44EA-B04E-E77C7CD99D0A}.Release|Any CPU.ActiveCfg = Release|Any CPU
		{EDCD7878-52A8-44EA-B04E-E77C7CD99D0A}.Release|Any CPU.Build.0 = Release|Any CPU
		{4FC6AB68-7FF3-409C-A571-AEB1BF15779C}.Debug|Any CPU.ActiveCfg = Debug|Any CPU
		{4FC6AB68-7FF3-409C-A571-AEB1BF15779C}.Debug|Any CPU.Build.0 = Debug|Any CPU
		{4FC6AB68-7FF3-409C-A571-AEB1BF15779C}.Release|Any CPU.ActiveCfg = Release|Any CPU
		{4FC6AB68-7FF3-409C-A571-AEB1BF15779C}.Release|Any CPU.Build.0 = Release|Any CPU
	EndGlobalSection
	GlobalSection(SolutionProperties) = preSolution
		HideSolutionNode = FALSE
	EndGlobalSection
	GlobalSection(ExtensibilityGlobals) = postSolution
		SolutionGuid = {C9E3E095-74B8-4581-8D6B-0B8FF6941873}
	EndGlobalSection
EndGlobal
